
Microsoft Visual Studio Solution File, Format Version 12.00
# Visual Studio 15
VisualStudioVersion = 15.0.28307.902
MinimumVisualStudioVersion = 10.0.40219.1
Project("{FAE04EC0-301F-11D3-BF4B-00C04F79EFBC}") = "SafeguardA2aSignalrClient", "SafeguardA2aSignalrClient\SafeguardA2aSignalrClient.csproj", "{A9398908-E8ED-4033-930D-D4A161E944B4}"
EndProject
Global
	GlobalSection(SolutionConfigurationPlatforms) = preSolution
		Debug|Any CPU = Debug|Any CPU
		Release|Any CPU = Release|Any CPU
	EndGlobalSection
	GlobalSection(ProjectConfigurationPlatforms) = postSolution
		{A9398908-E8ED-4033-930D-D4A161E944B4}.Debug|Any CPU.ActiveCfg = Debug|Any CPU
		{A9398908-E8ED-4033-930D-D4A161E944B4}.Debug|Any CPU.Build.0 = Debug|Any CPU
		{A9398908-E8ED-4033-930D-D4A161E944B4}.Release|Any CPU.ActiveCfg = Release|Any CPU
		{A9398908-E8ED-4033-930D-D4A161E944B4}.Release|Any CPU.Build.0 = Release|Any CPU
	EndGlobalSection
	GlobalSection(SolutionProperties) = preSolution
		HideSolutionNode = FALSE
	EndGlobalSection
	GlobalSection(ExtensibilityGlobals) = postSolution
		SolutionGuid = {EFD7BD17-4D8D-4D55-B972-BED0B3F0B0EF}
	EndGlobalSection
EndGlobal
